// !$*UTF8*$!
{
	archiveVersion = 1;
	classes = {
	};
	objectVersion = 48;
	objects = {

/* Begin PBXBuildFile section */
		0995DDDD202B8D3600A7A1E5 /* main.cpp in Sources */ = {isa = PBXBuildFile; fileRef = 0995DDDB202B8D3500A7A1E5 /* main.cpp */; };
		0995DDDE202B8D3600A7A1E5 /* file_buffer.cpp in Sources */ = {isa = PBXBuildFile; fileRef = 0995DDDC202B8D3600A7A1E5 /* file_buffer.cpp */; };
/* End PBXBuildFile section */

/* Begin PBXCopyFilesBuildPhase section */
		0995DDCB202B8A2D00A7A1E5 /* CopyFiles */ = {
			isa = PBXCopyFilesBuildPhase;
			buildActionMask = 2147483647;
			dstPath = /usr/share/man/man1/;
			dstSubfolderSpec = 0;
			files = (
			);
			runOnlyForDeploymentPostprocessing = 1;
		};
/* End PBXCopyFilesBuildPhase section */

/* Begin PBXFileReference section */
		09950E97202BA43100ADE23B /* timer.h */ = {isa = PBXFileReference; lastKnownFileType = sourcecode.c.h; path = timer.h; sourceTree = "<group>"; };
		09950E98202BA59C00ADE23B /* timer.hpp */ = {isa = PBXFileReference; lastKnownFileType = sourcecode.cpp.h; path = timer.hpp; sourceTree = "<group>"; };
		09950E99202BACDA00ADE23B /* create_data.sh */ = {isa = PBXFileReference; lastKnownFileType = text.script.sh; path = create_data.sh; sourceTree = "<group>"; };
		0995DDCD202B8A2D00A7A1E5 /* load-test */ = {isa = PBXFileReference; explicitFileType = "compiled.mach-o.executable"; includeInIndex = 0; path = "load-test"; sourceTree = BUILT_PRODUCTS_DIR; };
		0995DDDB202B8D3500A7A1E5 /* main.cpp */ = {isa = PBXFileReference; fileEncoding = 4; lastKnownFileType = sourcecode.cpp.cpp; path = main.cpp; sourceTree = "<group>"; };
		0995DDDC202B8D3600A7A1E5 /* file_buffer.cpp */ = {isa = PBXFileReference; fileEncoding = 4; lastKnownFileType = sourcecode.cpp.cpp; path = file_buffer.cpp; sourceTree = "<group>"; };
		0995DDE0202B8D6B00A7A1E5 /* file_buffer.h */ = {isa = PBXFileReference; fileEncoding = 4; lastKnownFileType = sourcecode.c.h; path = file_buffer.h; sourceTree = "<group>"; };
		0995DDE1202B8F9500A7A1E5 /* file_exception.h */ = {isa = PBXFileReference; lastKnownFileType = sourcecode.c.h; path = file_exception.h; sourceTree = "<group>"; };
		0995DDE2202B903C00A7A1E5 /* file_exception.hpp */ = {isa = PBXFileReference; lastKnownFileType = sourcecode.cpp.h; path = file_exception.hpp; sourceTree = "<group>"; };
		0995DDE3202B907B00A7A1E5 /* file_buffer.hpp */ = {isa = PBXFileReference; lastKnownFileType = sourcecode.cpp.h; path = file_buffer.hpp; sourceTree = "<group>"; };
/* End PBXFileReference section */

/* Begin PBXFrameworksBuildPhase section */
		0995DDCA202B8A2D00A7A1E5 /* Frameworks */ = {
			isa = PBXFrameworksBuildPhase;
			buildActionMask = 2147483647;
			files = (
			);
			runOnlyForDeploymentPostprocessing = 0;
		};
/* End PBXFrameworksBuildPhase section */

/* Begin PBXGroup section */
		0995DDC4202B8A2D00A7A1E5 = {
			isa = PBXGroup;
			children = (
				09950E99202BACDA00ADE23B /* create_data.sh */,
				0995DDDF202B8D3E00A7A1E5 /* include */,
				0995DDDA202B8D0500A7A1E5 /* src */,
				0995DDCE202B8A2D00A7A1E5 /* Products */,
			);
			sourceTree = "<group>";
		};
		0995DDCE202B8A2D00A7A1E5 /* Products */ = {
			isa = PBXGroup;
			children = (
				0995DDCD202B8A2D00A7A1E5 /* load-test */,
			);
			name = Products;
			sourceTree = "<group>";
		};
		0995DDDA202B8D0500A7A1E5 /* src */ = {
			isa = PBXGroup;
			children = (
				0995DDDC202B8D3600A7A1E5 /* file_buffer.cpp */,
				0995DDDB202B8D3500A7A1E5 /* main.cpp */,
			);
			path = src;
			sourceTree = "<group>";
		};
		0995DDDF202B8D3E00A7A1E5 /* include */ = {
			isa = PBXGroup;
			children = (
				0995DDE0202B8D6B00A7A1E5 /* file_buffer.h */,
				0995DDE3202B907B00A7A1E5 /* file_buffer.hpp */,
				0995DDE1202B8F9500A7A1E5 /* file_exception.h */,
				0995DDE2202B903C00A7A1E5 /* file_exception.hpp */,
				09950E97202BA43100ADE23B /* timer.h */,
				09950E98202BA59C00ADE23B /* timer.hpp */,
			);
			path = include;
			sourceTree = "<group>";
		};
/* End PBXGroup section */

/* Begin PBXNativeTarget section */
		0995DDCC202B8A2D00A7A1E5 /* load-test */ = {
			isa = PBXNativeTarget;
			buildConfigurationList = 0995DDD4202B8A2D00A7A1E5 /* Build configuration list for PBXNativeTarget "load-test" */;
			buildPhases = (
				0995DDC9202B8A2D00A7A1E5 /* Sources */,
				0995DDCA202B8A2D00A7A1E5 /* Frameworks */,
				0995DDCB202B8A2D00A7A1E5 /* CopyFiles */,
			);
			buildRules = (
			);
			dependencies = (
			);
			name = "load-test";
			productName = "load-test";
			productReference = 0995DDCD202B8A2D00A7A1E5 /* load-test */;
			productType = "com.apple.product-type.tool";
		};
/* End PBXNativeTarget section */

/* Begin PBXProject section */
		0995DDC5202B8A2D00A7A1E5 /* Project object */ = {
			isa = PBXProject;
			attributes = {
				LastUpgradeCheck = 0920;
				ORGANIZATIONNAME = "Arne Claus";
				TargetAttributes = {
					0995DDCC202B8A2D00A7A1E5 = {
						CreatedOnToolsVersion = 9.2;
						ProvisioningStyle = Automatic;
					};
				};
			};
			buildConfigurationList = 0995DDC8202B8A2D00A7A1E5 /* Build configuration list for PBXProject "load-test" */;
			compatibilityVersion = "Xcode 8.0";
			developmentRegion = en;
			hasScannedForEncodings = 0;
			knownRegions = (
				en,
			);
			mainGroup = 0995DDC4202B8A2D00A7A1E5;
			productRefGroup = 0995DDCE202B8A2D00A7A1E5 /* Products */;
			projectDirPath = "";
			projectRoot = "";
			targets = (
				0995DDCC202B8A2D00A7A1E5 /* load-test */,
			);
		};
/* End PBXProject section */

/* Begin PBXSourcesBuildPhase section */
		0995DDC9202B8A2D00A7A1E5 /* Sources */ = {
			isa = PBXSourcesBuildPhase;
			buildActionMask = 2147483647;
			files = (
				0995DDDD202B8D3600A7A1E5 /* main.cpp in Sources */,
				0995DDDE202B8D3600A7A1E5 /* file_buffer.cpp in Sources */,
			);
			runOnlyForDeploymentPostprocessing = 0;
		};
/* End PBXSourcesBuildPhase section */

/* Begin XCBuildConfiguration section */
		0995DDD2202B8A2D00A7A1E5 /* Debug */ = {
			isa = XCBuildConfiguration;
			buildSettings = {
				ALWAYS_SEARCH_USER_PATHS = NO;
				CLANG_ANALYZER_NONNULL = YES;
				CLANG_ANALYZER_NUMBER_OBJECT_CONVERSION = YES_AGGRESSIVE;
				CLANG_CXX_LANGUAGE_STANDARD = "gnu++14";
				CLANG_CXX_LIBRARY = "libc++";
				CLANG_ENABLE_MODULES = YES;
				CLANG_ENABLE_OBJC_ARC = YES;
				CLANG_WARN_BLOCK_CAPTURE_AUTORELEASING = YES;
				CLANG_WARN_BOOL_CONVERSION = YES;
				CLANG_WARN_COMMA = YES;
				CLANG_WARN_CONSTANT_CONVERSION = YES;
				CLANG_WARN_DIRECT_OBJC_ISA_USAGE = YES_ERROR;
				CLANG_WARN_DOCUMENTATION_COMMENTS = YES;
				CLANG_WARN_EMPTY_BODY = YES;
				CLANG_WARN_ENUM_CONVERSION = YES;
				CLANG_WARN_INFINITE_RECURSION = YES;
				CLANG_WARN_INT_CONVERSION = YES;
				CLANG_WARN_NON_LITERAL_NULL_CONVERSION = YES;
				CLANG_WARN_OBJC_LITERAL_CONVERSION = YES;
				CLANG_WARN_OBJC_ROOT_CLASS = YES_ERROR;
				CLANG_WARN_RANGE_LOOP_ANALYSIS = YES;
				CLANG_WARN_STRICT_PROTOTYPES = YES;
				CLANG_WARN_SUSPICIOUS_MOVE = YES;
				CLANG_WARN_UNGUARDED_AVAILABILITY = YES_AGGRESSIVE;
				CLANG_WARN_UNREACHABLE_CODE = YES;
				CLANG_WARN__DUPLICATE_METHOD_MATCH = YES;
				CODE_SIGN_IDENTITY = "-";
				COPY_PHASE_STRIP = NO;
				DEBUG_INFORMATION_FORMAT = dwarf;
				ENABLE_STRICT_OBJC_MSGSEND = YES;
				ENABLE_TESTABILITY = YES;
				GCC_C_LANGUAGE_STANDARD = gnu11;
				GCC_DYNAMIC_NO_PIC = NO;
				GCC_NO_COMMON_BLOCKS = YES;
				GCC_OPTIMIZATION_LEVEL = 0;
				GCC_PREPROCESSOR_DEFINITIONS = (
					"DEBUG=1",
					"$(inherited)",
				);
				GCC_WARN_64_TO_32_BIT_CONVERSION = YES;
				GCC_WARN_ABOUT_RETURN_TYPE = YES_ERROR;
				GCC_WARN_UNDECLARED_SELECTOR = YES;
				GCC_WARN_UNINITIALIZED_AUTOS = YES_AGGRESSIVE;
				GCC_WARN_UNUSED_FUNCTION = YES;
				GCC_WARN_UNUSED_VARIABLE = YES;
				MACOSX_DEPLOYMENT_TARGET = 10.13;
				MTL_ENABLE_DEBUG_INFO = YES;
				ONLY_ACTIVE_ARCH = YES;
				SDKROOT = macosx;
			};
			name = Debug;
		};
		0995DDD3202B8A2D00A7A1E5 /* Release */ = {
			isa = XCBuildConfiguration;
			buildSettings = {
				ALWAYS_SEARCH_USER_PATHS = NO;
				CLANG_ANALYZER_NONNULL = YES;
				CLANG_ANALYZER_NUMBER_OBJECT_CONVERSION = YES_AGGRESSIVE;
				CLANG_CXX_LANGUAGE_STANDARD = "gnu++14";
				CLANG_CXX_LIBRARY = "libc++";
				CLANG_ENABLE_MODULES = YES;
				CLANG_ENABLE_OBJC_ARC = YES;
				CLANG_WARN_BLOCK_CAPTURE_AUTORELEASING = YES;
				CLANG_WARN_BOOL_CONVERSION = YES;
				CLANG_WARN_COMMA = YES;
				CLANG_WARN_CONSTANT_CONVERSION = YES;
				CLANG_WARN_DIRECT_OBJC_ISA_USAGE = YES_ERROR;
				CLANG_WARN_DOCUMENTATION_COMMENTS = YES;
				CLANG_WARN_EMPTY_BODY = YES;
				CLANG_WARN_ENUM_CONVERSION = YES;
				CLANG_WARN_INFINITE_RECURSION = YES;
				CLANG_WARN_INT_CONVERSION = YES;
				CLANG_WARN_NON_LITERAL_NULL_CONVERSION = YES;
				CLANG_WARN_OBJC_LITERAL_CONVERSION = YES;
				CLANG_WARN_OBJC_ROOT_CLASS = YES_ERROR;
				CLANG_WARN_RANGE_LOOP_ANALYSIS = YES;
				CLANG_WARN_STRICT_PROTOTYPES = YES;
				CLANG_WARN_SUSPICIOUS_MOVE = YES;
				CLANG_WARN_UNGUARDED_AVAILABILITY = YES_AGGRESSIVE;
				CLANG_WARN_UNREACHABLE_CODE = YES;
				CLANG_WARN__DUPLICATE_METHOD_MATCH = YES;
				CODE_SIGN_IDENTITY = "-";
				COPY_PHASE_STRIP = NO;
				DEBUG_INFORMATION_FORMAT = "dwarf-with-dsym";
				ENABLE_NS_ASSERTIONS = NO;
				ENABLE_STRICT_OBJC_MSGSEND = YES;
				GCC_C_LANGUAGE_STANDARD = gnu11;
				GCC_NO_COMMON_BLOCKS = YES;
				GCC_WARN_64_TO_32_BIT_CONVERSION = YES;
				GCC_WARN_ABOUT_RETURN_TYPE = YES_ERROR;
				GCC_WARN_UNDECLARED_SELECTOR = YES;
				GCC_WARN_UNINITIALIZED_AUTOS = YES_AGGRESSIVE;
				GCC_WARN_UNUSED_FUNCTION = YES;
				GCC_WARN_UNUSED_VARIABLE = YES;
				MACOSX_DEPLOYMENT_TARGET = 10.13;
				MTL_ENABLE_DEBUG_INFO = NO;
				SDKROOT = macosx;
			};
			name = Release;
		};
		0995DDD5202B8A2D00A7A1E5 /* Debug */ = {
			isa = XCBuildConfiguration;
			buildSettings = {
				CODE_SIGN_STYLE = Automatic;
				HEADER_SEARCH_PATHS = "${PROJECT_DIR}/include";
				OBJROOT = "${PROJECT_DIR}/build";
				PRODUCT_NAME = "$(TARGET_NAME)";
				SYMROOT = "${PROJECT_DIR}/bin";
			};
			name = Debug;
		};
		0995DDD6202B8A2D00A7A1E5 /* Release */ = {
			isa = XCBuildConfiguration;
			buildSettings = {
				CODE_SIGN_STYLE = Automatic;
				HEADER_SEARCH_PATHS = "${PROJECT_DIR}/include";
				OBJROOT = "${PROJECT_DIR}/build";
				PRODUCT_NAME = "$(TARGET_NAME)";
				SYMROOT = "${PROJECT_DIR}/bin";
			};
			name = Release;
		};
/* End XCBuildConfiguration section */

/* Begin XCConfigurationList section */
		0995DDC8202B8A2D00A7A1E5 /* Build configuration list for PBXProject "load-test" */ = {
			isa = XCConfigurationList;
			buildConfigurations = (
				0995DDD2202B8A2D00A7A1E5 /* Debug */,
				0995DDD3202B8A2D00A7A1E5 /* Release */,
			);
			defaultConfigurationIsVisible = 0;
			defaultConfigurationName = Release;
		};
		0995DDD4202B8A2D00A7A1E5 /* Build configuration list for PBXNativeTarget "load-test" */ = {
			isa = XCConfigurationList;
			buildConfigurations = (
				0995DDD5202B8A2D00A7A1E5 /* Debug */,
				0995DDD6202B8A2D00A7A1E5 /* Release */,
			);
			defaultConfigurationIsVisible = 0;
			defaultConfigurationName = Release;
		};
/* End XCConfigurationList section */
	};
	rootObject = 0995DDC5202B8A2D00A7A1E5 /* Project object */;
}
